{
  "nodes": {
    "nixpkgs": {
      "locked": {
        "lastModified": 1726206720,
        "narHash": "sha256-tI7141IHDABMNgz4iXDo8agCp0SeTLbaIZ2DRndwcmk=",
        "owner": "NixOS",
        "repo": "nixpkgs",
        "rev": "673d99f1406cb09b8eb6feab4743ebdf70046557",
        "type": "github"
      },
      "original": {
        "owner": "NixOS",
        "ref": "nixpkgs-unstable",
        "repo": "nixpkgs",
        "type": "github"
      }
    },
    "root": {
      "inputs": {
        "nixpkgs": "nixpkgs",
        "zmk-nix": "zmk-nix"
      }
    },
    "zmk-nix": {
      "inputs": {
        "nixpkgs": [
          "nixpkgs"
        ]
      },
      "locked": {
        "lastModified": 1725907595,
        "narHash": "sha256-RVCPBtRQ6s/XWuKeVBuSHfK8kIUIUyf88QlqS9E9JsM=",
        "owner": "lilyinstarlight",
        "repo": "zmk-nix",
        "rev": "34ff64012e673ff38180034c0a3018fa9535524f",
        "type": "github"
      },
      "original": {
        "owner": "lilyinstarlight",
        "repo": "zmk-nix",
        "type": "github"
      }
    }
  },
  "root": "root",
  "version": 7
}
